
Microsoft Visual Studio Solution File, Format Version 12.00
# Visual Studio Version 16
VisualStudioVersion = 16.0.30608.117
MinimumVisualStudioVersion = 10.0.40219.1
Project("{FAE04EC0-301F-11D3-BF4B-00C04F79EFBC}") = "ParseTheParcel", "ParseTheParcel\ParseTheParcel.csproj", "{6F2CF9A3-2523-4DA8-B9C9-C0316D924480}"
EndProject
Project("{FAE04EC0-301F-11D3-BF4B-00C04F79EFBC}") = "ParseTheParcelTest", "ParseTheParcelTest\ParseTheParcelTest.csproj", "{C789FAEA-6D1C-4563-92C8-2CBC8F505E62}"
EndProject
Global
	GlobalSection(SolutionConfigurationPlatforms) = preSolution
		Debug|Any CPU = Debug|Any CPU
		Release|Any CPU = Release|Any CPU
	EndGlobalSection
	GlobalSection(ProjectConfigurationPlatforms) = postSolution
		{6F2CF9A3-2523-4DA8-B9C9-C0316D924480}.Debug|Any CPU.ActiveCfg = Debug|Any CPU
		{6F2CF9A3-2523-4DA8-B9C9-C0316D924480}.Debug|Any CPU.Build.0 = Debug|Any CPU
		{6F2CF9A3-2523-4DA8-B9C9-C0316D924480}.Release|Any CPU.ActiveCfg = Release|Any CPU
		{6F2CF9A3-2523-4DA8-B9C9-C0316D924480}.Release|Any CPU.Build.0 = Release|Any CPU
		{C789FAEA-6D1C-4563-92C8-2CBC8F505E62}.Debug|Any CPU.ActiveCfg = Debug|Any CPU
		{C789FAEA-6D1C-4563-92C8-2CBC8F505E62}.Debug|Any CPU.Build.0 = Debug|Any CPU
		{C789FAEA-6D1C-4563-92C8-2CBC8F505E62}.Release|Any CPU.ActiveCfg = Release|Any CPU
		{C789FAEA-6D1C-4563-92C8-2CBC8F505E62}.Release|Any CPU.Build.0 = Release|Any CPU
	EndGlobalSection
	GlobalSection(SolutionProperties) = preSolution
		HideSolutionNode = FALSE
	EndGlobalSection
	GlobalSection(ExtensibilityGlobals) = postSolution
		SolutionGuid = {3C10068A-C7D3-4A97-B5CB-CA909522D6EB}
	EndGlobalSection
EndGlobal
